// !$*UTF8*$!
{
	archiveVersion = 1;
	classes = {
	};
	objectVersion = 46;
	objects = {

/* Begin PBXBuildFile section */
		240DE3C21E925BB300BD0BDE /* AppDelegate.swift in Sources */ = {isa = PBXBuildFile; fileRef = 240DE3C11E925BB300BD0BDE /* AppDelegate.swift */; };
		240DE3C41E925BB300BD0BDE /* ViewController.swift in Sources */ = {isa = PBXBuildFile; fileRef = 240DE3C31E925BB300BD0BDE /* ViewController.swift */; };
		240DE3C71E925BB300BD0BDE /* Main.storyboard in Resources */ = {isa = PBXBuildFile; fileRef = 240DE3C51E925BB300BD0BDE /* Main.storyboard */; };
		240DE3C91E925BB300BD0BDE /* Assets.xcassets in Resources */ = {isa = PBXBuildFile; fileRef = 240DE3C81E925BB300BD0BDE /* Assets.xcassets */; };
		240DE3CC1E925BB300BD0BDE /* LaunchScreen.storyboard in Resources */ = {isa = PBXBuildFile; fileRef = 240DE3CA1E925BB300BD0BDE /* LaunchScreen.storyboard */; };
		240DE3D71E925BB300BD0BDE /* miraclepillsTests.swift in Sources */ = {isa = PBXBuildFile; fileRef = 240DE3D61E925BB300BD0BDE /* miraclepillsTests.swift */; };
		240DE3E21E925BB300BD0BDE /* miraclepillsUITests.swift in Sources */ = {isa = PBXBuildFile; fileRef = 240DE3E11E925BB300BD0BDE /* miraclepillsUITests.swift */; };
/* End PBXBuildFile section */

/* Begin PBXContainerItemProxy section */
		240DE3D31E925BB300BD0BDE /* PBXContainerItemProxy */ = {
			isa = PBXContainerItemProxy;
			containerPortal = 240DE3B61E925BB300BD0BDE /* Project object */;
			proxyType = 1;
			remoteGlobalIDString = 240DE3BD1E925BB300BD0BDE;
			remoteInfo = miraclepills;
		};
		240DE3DE1E925BB300BD0BDE /* PBXContainerItemProxy */ = {
			isa = PBXContainerItemProxy;
			containerPortal = 240DE3B61E925BB300BD0BDE /* Project object */;
			proxyType = 1;
			remoteGlobalIDString = 240DE3BD1E925BB300BD0BDE;
			remoteInfo = miraclepills;
		};
/* End PBXContainerItemProxy section */

/* Begin PBXFileReference section */
		240DE3BE1E925BB300BD0BDE /* miraclepills.app */ = {isa = PBXFileReference; explicitFileType = wrapper.application; includeInIndex = 0; path = miraclepills.app; sourceTree = BUILT_PRODUCTS_DIR; };
		240DE3C11E925BB300BD0BDE /* AppDelegate.swift */ = {isa = PBXFileReference; lastKnownFileType = sourcecode.swift; path = AppDelegate.swift; sourceTree = "<group>"; };
		240DE3C31E925BB300BD0BDE /* ViewController.swift */ = {isa = PBXFileReference; lastKnownFileType = sourcecode.swift; path = ViewController.swift; sourceTree = "<group>"; };
		240DE3C61E925BB300BD0BDE /* Base */ = {isa = PBXFileReference; lastKnownFileType = file.storyboard; name = Base; path = Base.lproj/Main.storyboard; sourceTree = "<group>"; };
		240DE3C81E925BB300BD0BDE /* Assets.xcassets */ = {isa = PBXFileReference; lastKnownFileType = folder.assetcatalog; path = Assets.xcassets; sourceTree = "<group>"; };
		240DE3CB1E925BB300BD0BDE /* Base */ = {isa = PBXFileReference; lastKnownFileType = file.storyboard; name = Base; path = Base.lproj/LaunchScreen.storyboard; sourceTree = "<group>"; };
		240DE3CD1E925BB300BD0BDE /* Info.plist */ = {isa = PBXFileReference; lastKnownFileType = text.plist.xml; path = Info.plist; sourceTree = "<group>"; };
		240DE3D21E925BB300BD0BDE /* miraclepillsTests.xctest */ = {isa = PBXFileReference; explicitFileType = wrapper.cfbundle; includeInIndex = 0; path = miraclepillsTests.xctest; sourceTree = BUILT_PRODUCTS_DIR; };
		240DE3D61E925BB300BD0BDE /* miraclepillsTests.swift */ = {isa = PBXFileReference; lastKnownFileType = sourcecode.swift; path = miraclepillsTests.swift; sourceTree = "<group>"; };
		240DE3D81E925BB300BD0BDE /* Info.plist */ = {isa = PBXFileReference; lastKnownFileType = text.plist.xml; path = Info.plist; sourceTree = "<group>"; };
		240DE3DD1E925BB300BD0BDE /* miraclepillsUITests.xctest */ = {isa = PBXFileReference; explicitFileType = wrapper.cfbundle; includeInIndex = 0; path = miraclepillsUITests.xctest; sourceTree = BUILT_PRODUCTS_DIR; };
		240DE3E11E925BB300BD0BDE /* miraclepillsUITests.swift */ = {isa = PBXFileReference; lastKnownFileType = sourcecode.swift; path = miraclepillsUITests.swift; sourceTree = "<group>"; };
		240DE3E31E925BB300BD0BDE /* Info.plist */ = {isa = PBXFileReference; lastKnownFileType = text.plist.xml; path = Info.plist; sourceTree = "<group>"; };
/* End PBXFileReference section */

/* Begin PBXFrameworksBuildPhase section */
		240DE3BB1E925BB300BD0BDE /* Frameworks */ = {
			isa = PBXFrameworksBuildPhase;
			buildActionMask = 2147483647;
			files = (
			);
			runOnlyForDeploymentPostprocessing = 0;
		};
		240DE3CF1E925BB300BD0BDE /* Frameworks */ = {
			isa = PBXFrameworksBuildPhase;
			buildActionMask = 2147483647;
			files = (
			);
			runOnlyForDeploymentPostprocessing = 0;
		};
		240DE3DA1E925BB300BD0BDE /* Frameworks */ = {
			isa = PBXFrameworksBuildPhase;
			buildActionMask = 2147483647;
			files = (
			);
			runOnlyForDeploymentPostprocessing = 0;
		};
/* End PBXFrameworksBuildPhase section */

/* Begin PBXGroup section */
		240DE3B51E925BB300BD0BDE = {
			isa = PBXGroup;
			children = (
				240DE3C01E925BB300BD0BDE /* miraclepills */,
				240DE3D51E925BB300BD0BDE /* miraclepillsTests */,
				240DE3E01E925BB300BD0BDE /* miraclepillsUITests */,
				240DE3BF1E925BB300BD0BDE /* Products */,
			);
			sourceTree = "<group>";
		};
		240DE3BF1E925BB300BD0BDE /* Products */ = {
			isa = PBXGroup;
			children = (
				240DE3BE1E925BB300BD0BDE /* miraclepills.app */,
				240DE3D21E925BB300BD0BDE /* miraclepillsTests.xctest */,
				240DE3DD1E925BB300BD0BDE /* miraclepillsUITests.xctest */,
			);
			name = Products;
			sourceTree = "<group>";
		};
		240DE3C01E925BB300BD0BDE /* miraclepills */ = {
			isa = PBXGroup;
			children = (
				240DE3C11E925BB300BD0BDE /* AppDelegate.swift */,
				240DE3C31E925BB300BD0BDE /* ViewController.swift */,
				240DE3C51E925BB300BD0BDE /* Main.storyboard */,
				240DE3C81E925BB300BD0BDE /* Assets.xcassets */,
				240DE3CA1E925BB300BD0BDE /* LaunchScreen.storyboard */,
				240DE3CD1E925BB300BD0BDE /* Info.plist */,
			);
			path = miraclepills;
			sourceTree = "<group>";
		};
		240DE3D51E925BB300BD0BDE /* miraclepillsTests */ = {
			isa = PBXGroup;
			children = (
				240DE3D61E925BB300BD0BDE /* miraclepillsTests.swift */,
				240DE3D81E925BB300BD0BDE /* Info.plist */,
			);
			path = miraclepillsTests;
			sourceTree = "<group>";
		};
		240DE3E01E925BB300BD0BDE /* miraclepillsUITests */ = {
			isa = PBXGroup;
			children = (
				240DE3E11E925BB300BD0BDE /* miraclepillsUITests.swift */,
				240DE3E31E925BB300BD0BDE /* Info.plist */,
			);
			path = miraclepillsUITests;
			sourceTree = "<group>";
		};
/* End PBXGroup section */

/* Begin PBXNativeTarget section */
		240DE3BD1E925BB300BD0BDE /* miraclepills */ = {
			isa = PBXNativeTarget;
			buildConfigurationList = 240DE3E61E925BB300BD0BDE /* Build configuration list for PBXNativeTarget "miraclepills" */;
			buildPhases = (
				240DE3BA1E925BB300BD0BDE /* Sources */,
				240DE3BB1E925BB300BD0BDE /* Frameworks */,
				240DE3BC1E925BB300BD0BDE /* Resources */,
			);
			buildRules = (
			);
			dependencies = (
			);
			name = miraclepills;
			productName = miraclepills;
			productReference = 240DE3BE1E925BB300BD0BDE /* miraclepills.app */;
			productType = "com.apple.product-type.application";
		};
		240DE3D11E925BB300BD0BDE /* miraclepillsTests */ = {
			isa = PBXNativeTarget;
			buildConfigurationList = 240DE3E91E925BB300BD0BDE /* Build configuration list for PBXNativeTarget "miraclepillsTests" */;
			buildPhases = (
				240DE3CE1E925BB300BD0BDE /* Sources */,
				240DE3CF1E925BB300BD0BDE /* Frameworks */,
				240DE3D01E925BB300BD0BDE /* Resources */,
			);
			buildRules = (
			);
			dependencies = (
				240DE3D41E925BB300BD0BDE /* PBXTargetDependency */,
			);
			name = miraclepillsTests;
			productName = miraclepillsTests;
			productReference = 240DE3D21E925BB300BD0BDE /* miraclepillsTests.xctest */;
			productType = "com.apple.product-type.bundle.unit-test";
		};
		240DE3DC1E925BB300BD0BDE /* miraclepillsUITests */ = {
			isa = PBXNativeTarget;
			buildConfigurationList = 240DE3EC1E925BB300BD0BDE /* Build configuration list for PBXNativeTarget "miraclepillsUITests" */;
			buildPhases = (
				240DE3D91E925BB300BD0BDE /* Sources */,
				240DE3DA1E925BB300BD0BDE /* Frameworks */,
				240DE3DB1E925BB300BD0BDE /* Resources */,
			);
			buildRules = (
			);
			dependencies = (
				240DE3DF1E925BB300BD0BDE /* PBXTargetDependency */,
			);
			name = miraclepillsUITests;
			productName = miraclepillsUITests;
			productReference = 240DE3DD1E925BB300BD0BDE /* miraclepillsUITests.xctest */;
			productType = "com.apple.product-type.bundle.ui-testing";
		};
/* End PBXNativeTarget section */

/* Begin PBXProject section */
		240DE3B61E925BB300BD0BDE /* Project object */ = {
			isa = PBXProject;
			attributes = {
				LastSwiftUpdateCheck = 0830;
				LastUpgradeCheck = 0830;
				ORGANIZATIONNAME = "James Nguyen";
				TargetAttributes = {
					240DE3BD1E925BB300BD0BDE = {
						CreatedOnToolsVersion = 8.3;
						ProvisioningStyle = Automatic;
					};
					240DE3D11E925BB300BD0BDE = {
						CreatedOnToolsVersion = 8.3;
						ProvisioningStyle = Automatic;
						TestTargetID = 240DE3BD1E925BB300BD0BDE;
					};
					240DE3DC1E925BB300BD0BDE = {
						CreatedOnToolsVersion = 8.3;
						ProvisioningStyle = Automatic;
						TestTargetID = 240DE3BD1E925BB300BD0BDE;
					};
				};
			};
			buildConfigurationList = 240DE3B91E925BB300BD0BDE /* Build configuration list for PBXProject "miraclepills" */;
			compatibilityVersion = "Xcode 3.2";
			developmentRegion = English;
			hasScannedForEncodings = 0;
			knownRegions = (
				en,
				Base,
			);
			mainGroup = 240DE3B51E925BB300BD0BDE;
			productRefGroup = 240DE3BF1E925BB300BD0BDE /* Products */;
			projectDirPath = "";
			projectRoot = "";
			targets = (
				240DE3BD1E925BB300BD0BDE /* miraclepills */,
				240DE3D11E925BB300BD0BDE /* miraclepillsTests */,
				240DE3DC1E925BB300BD0BDE /* miraclepillsUITests */,
			);
		};
/* End PBXProject section */

/* Begin PBXResourcesBuildPhase section */
		240DE3BC1E925BB300BD0BDE /* Resources */ = {
			isa = PBXResourcesBuildPhase;
			buildActionMask = 2147483647;
			files = (
				240DE3CC1E925BB300BD0BDE /* LaunchScreen.storyboard in Resources */,
				240DE3C91E925BB300BD0BDE /* Assets.xcassets in Resources */,
				240DE3C71E925BB300BD0BDE /* Main.storyboard in Resources */,
			);
			runOnlyForDeploymentPostprocessing = 0;
		};
		240DE3D01E925BB300BD0BDE /* Resources */ = {
			isa = PBXResourcesBuildPhase;
			buildActionMask = 2147483647;
			files = (
			);
			runOnlyForDeploymentPostprocessing = 0;
		};
		240DE3DB1E925BB300BD0BDE /* Resources */ = {
			isa = PBXResourcesBuildPhase;
			buildActionMask = 2147483647;
			files = (
			);
			runOnlyForDeploymentPostprocessing = 0;
		};
/* End PBXResourcesBuildPhase section */

/* Begin PBXSourcesBuildPhase section */
		240DE3BA1E925BB300BD0BDE /* Sources */ = {
			isa = PBXSourcesBuildPhase;
			buildActionMask = 2147483647;
			files = (
				240DE3C41E925BB300BD0BDE /* ViewController.swift in Sources */,
				240DE3C21E925BB300BD0BDE /* AppDelegate.swift in Sources */,
			);
			runOnlyForDeploymentPostprocessing = 0;
		};
		240DE3CE1E925BB300BD0BDE /* Sources */ = {
			isa = PBXSourcesBuildPhase;
			buildActionMask = 2147483647;
			files = (
				240DE3D71E925BB300BD0BDE /* miraclepillsTests.swift in Sources */,
			);
			runOnlyForDeploymentPostprocessing = 0;
		};
		240DE3D91E925BB300BD0BDE /* Sources */ = {
			isa = PBXSourcesBuildPhase;
			buildActionMask = 2147483647;
			files = (
				240DE3E21E925BB300BD0BDE /* miraclepillsUITests.swift in Sources */,
			);
			runOnlyForDeploymentPostprocessing = 0;
		};
/* End PBXSourcesBuildPhase section */

/* Begin PBXTargetDependency section */
		240DE3D41E925BB300BD0BDE /* PBXTargetDependency */ = {
			isa = PBXTargetDependency;
			target = 240DE3BD1E925BB300BD0BDE /* miraclepills */;
			targetProxy = 240DE3D31E925BB300BD0BDE /* PBXContainerItemProxy */;
		};
		240DE3DF1E925BB300BD0BDE /* PBXTargetDependency */ = {
			isa = PBXTargetDependency;
			target = 240DE3BD1E925BB300BD0BDE /* miraclepills */;
			targetProxy = 240DE3DE1E925BB300BD0BDE /* PBXContainerItemProxy */;
		};
/* End PBXTargetDependency section */

/* Begin PBXVariantGroup section */
		240DE3C51E925BB300BD0BDE /* Main.storyboard */ = {
			isa = PBXVariantGroup;
			children = (
				240DE3C61E925BB300BD0BDE /* Base */,
			);
			name = Main.storyboard;
			sourceTree = "<group>";
		};
		240DE3CA1E925BB300BD0BDE /* LaunchScreen.storyboard */ = {
			isa = PBXVariantGroup;
			children = (
				240DE3CB1E925BB300BD0BDE /* Base */,
			);
			name = LaunchScreen.storyboard;
			sourceTree = "<group>";
		};
/* End PBXVariantGroup section */

/* Begin XCBuildConfiguration section */
		240DE3E41E925BB300BD0BDE /* Debug */ = {
			isa = XCBuildConfiguration;
			buildSettings = {
				ALWAYS_SEARCH_USER_PATHS = NO;
				CLANG_ANALYZER_NONNULL = YES;
				CLANG_ANALYZER_NUMBER_OBJECT_CONVERSION = YES_AGGRESSIVE;
				CLANG_CXX_LANGUAGE_STANDARD = "gnu++0x";
				CLANG_CXX_LIBRARY = "libc++";
				CLANG_ENABLE_MODULES = YES;
				CLANG_ENABLE_OBJC_ARC = YES;
				CLANG_WARN_BOOL_CONVERSION = YES;
				CLANG_WARN_CONSTANT_CONVERSION = YES;
				CLANG_WARN_DIRECT_OBJC_ISA_USAGE = YES_ERROR;
				CLANG_WARN_DOCUMENTATION_COMMENTS = YES;
				CLANG_WARN_EMPTY_BODY = YES;
				CLANG_WARN_ENUM_CONVERSION = YES;
				CLANG_WARN_INFINITE_RECURSION = YES;
				CLANG_WARN_INT_CONVERSION = YES;
				CLANG_WARN_OBJC_ROOT_CLASS = YES_ERROR;
				CLANG_WARN_SUSPICIOUS_MOVE = YES;
				CLANG_WARN_UNREACHABLE_CODE = YES;
				CLANG_WARN__DUPLICATE_METHOD_MATCH = YES;
				"CODE_SIGN_IDENTITY[sdk=iphoneos*]" = "iPhone Developer";
				COPY_PHASE_STRIP = NO;
				DEBUG_INFORMATION_FORMAT = dwarf;
				ENABLE_STRICT_OBJC_MSGSEND = YES;
				ENABLE_TESTABILITY = YES;
				GCC_C_LANGUAGE_STANDARD = gnu99;
				GCC_DYNAMIC_NO_PIC = NO;
				GCC_NO_COMMON_BLOCKS = YES;
				GCC_OPTIMIZATION_LEVEL = 0;
				GCC_PREPROCESSOR_DEFINITIONS = (
					"DEBUG=1",
					"$(inherited)",
				);
				GCC_WARN_64_TO_32_BIT_CONVERSION = YES;
				GCC_WARN_ABOUT_RETURN_TYPE = YES_ERROR;
				GCC_WARN_UNDECLARED_SELECTOR = YES;
				GCC_WARN_UNINITIALIZED_AUTOS = YES_AGGRESSIVE;
				GCC_WARN_UNUSED_FUNCTION = YES;
				GCC_WARN_UNUSED_VARIABLE = YES;
				IPHONEOS_DEPLOYMENT_TARGET = 10.3;
				MTL_ENABLE_DEBUG_INFO = YES;
				ONLY_ACTIVE_ARCH = YES;
				SDKROOT = iphoneos;
				SWIFT_ACTIVE_COMPILATION_CONDITIONS = DEBUG;
				SWIFT_OPTIMIZATION_LEVEL = "-Onone";
				TARGETED_DEVICE_FAMILY = "1,2";
			};
			name = Debug;
		};
		240DE3E51E925BB300BD0BDE /* Release */ = {
			isa = XCBuildConfiguration;
			buildSettings = {
				ALWAYS_SEARCH_USER_PATHS = NO;
				CLANG_ANALYZER_NONNULL = YES;
				CLANG_ANALYZER_NUMBER_OBJECT_CONVERSION = YES_AGGRESSIVE;
				CLANG_CXX_LANGUAGE_STANDARD = "gnu++0x";
				CLANG_CXX_LIBRARY = "libc++";
				CLANG_ENABLE_MODULES = YES;
				CLANG_ENABLE_OBJC_ARC = YES;
				CLANG_WARN_BOOL_CONVERSION = YES;
				CLANG_WARN_CONSTANT_CONVERSION = YES;
				CLANG_WARN_DIRECT_OBJC_ISA_USAGE = YES_ERROR;
				CLANG_WARN_DOCUMENTATION_COMMENTS = YES;
				CLANG_WARN_EMPTY_BODY = YES;
				CLANG_WARN_ENUM_CONVERSION = YES;
				CLANG_WARN_INFINITE_RECURSION = YES;
				CLANG_WARN_INT_CONVERSION = YES;
				CLANG_WARN_OBJC_ROOT_CLASS = YES_ERROR;
				CLANG_WARN_SUSPICIOUS_MOVE = YES;
				CLANG_WARN_UNREACHABLE_CODE = YES;
				CLANG_WARN__DUPLICATE_METHOD_MATCH = YES;
				"CODE_SIGN_IDENTITY[sdk=iphoneos*]" = "iPhone Developer";
				COPY_PHASE_STRIP = NO;
				DEBUG_INFORMATION_FORMAT = "dwarf-with-dsym";
				ENABLE_NS_ASSERTIONS = NO;
				ENABLE_STRICT_OBJC_MSGSEND = YES;
				GCC_C_LANGUAGE_STANDARD = gnu99;
				GCC_NO_COMMON_BLOCKS = YES;
				GCC_WARN_64_TO_32_BIT_CONVERSION = YES;
				GCC_WARN_ABOUT_RETURN_TYPE = YES_ERROR;
				GCC_WARN_UNDECLARED_SELECTOR = YES;
				GCC_WARN_UNINITIALIZED_AUTOS = YES_AGGRESSIVE;
				GCC_WARN_UNUSED_FUNCTION = YES;
				GCC_WARN_UNUSED_VARIABLE = YES;
				IPHONEOS_DEPLOYMENT_TARGET = 10.3;
				MTL_ENABLE_DEBUG_INFO = NO;
				SDKROOT = iphoneos;
				SWIFT_OPTIMIZATION_LEVEL = "-Owholemodule";
				TARGETED_DEVICE_FAMILY = "1,2";
				VALIDATE_PRODUCT = YES;
			};
			name = Release;
		};
		240DE3E71E925BB300BD0BDE /* Debug */ = {
			isa = XCBuildConfiguration;
			buildSettings = {
				ASSETCATALOG_COMPILER_APPICON_NAME = AppIcon;
				INFOPLIST_FILE = miraclepills/Info.plist;
				LD_RUNPATH_SEARCH_PATHS = "$(inherited) @executable_path/Frameworks";
				PRODUCT_BUNDLE_IDENTIFIER = com.vnindie.miraclepills;
				PRODUCT_NAME = "$(TARGET_NAME)";
				SWIFT_VERSION = 3.0;
			};
			name = Debug;
		};
		240DE3E81E925BB300BD0BDE /* Release */ = {
			isa = XCBuildConfiguration;
			buildSettings = {
				ASSETCATALOG_COMPILER_APPICON_NAME = AppIcon;
				INFOPLIST_FILE = miraclepills/Info.plist;
				LD_RUNPATH_SEARCH_PATHS = "$(inherited) @executable_path/Frameworks";
				PRODUCT_BUNDLE_IDENTIFIER = com.vnindie.miraclepills;
				PRODUCT_NAME = "$(TARGET_NAME)";
				SWIFT_VERSION = 3.0;
			};
			name = Release;
		};
		240DE3EA1E925BB300BD0BDE /* Debug */ = {
			isa = XCBuildConfiguration;
			buildSettings = {
				ALWAYS_EMBED_SWIFT_STANDARD_LIBRARIES = YES;
				BUNDLE_LOADER = "$(TEST_HOST)";
				INFOPLIST_FILE = miraclepillsTests/Info.plist;
				LD_RUNPATH_SEARCH_PATHS = "$(inherited) @executable_path/Frameworks @loader_path/Frameworks";
				PRODUCT_BUNDLE_IDENTIFIER = com.vnindie.miraclepillsTests;
				PRODUCT_NAME = "$(TARGET_NAME)";
				SWIFT_VERSION = 3.0;
				TEST_HOST = "$(BUILT_PRODUCTS_DIR)/miraclepills.app/miraclepills";
			};
			name = Debug;
		};
		240DE3EB1E925BB300BD0BDE /* Release */ = {
			isa = XCBuildConfiguration;
			buildSettings = {
				ALWAYS_EMBED_SWIFT_STANDARD_LIBRARIES = YES;
				BUNDLE_LOADER = "$(TEST_HOST)";
				INFOPLIST_FILE = miraclepillsTests/Info.plist;
				LD_RUNPATH_SEARCH_PATHS = "$(inherited) @executable_path/Frameworks @loader_path/Frameworks";
				PRODUCT_BUNDLE_IDENTIFIER = com.vnindie.miraclepillsTests;
				PRODUCT_NAME = "$(TARGET_NAME)";
				SWIFT_VERSION = 3.0;
				TEST_HOST = "$(BUILT_PRODUCTS_DIR)/miraclepills.app/miraclepills";
			};
			name = Release;
		};
		240DE3ED1E925BB300BD0BDE /* Debug */ = {
			isa = XCBuildConfiguration;
			buildSettings = {
				ALWAYS_EMBED_SWIFT_STANDARD_LIBRARIES = YES;
				INFOPLIST_FILE = miraclepillsUITests/Info.plist;
				LD_RUNPATH_SEARCH_PATHS = "$(inherited) @executable_path/Frameworks @loader_path/Frameworks";
				PRODUCT_BUNDLE_IDENTIFIER = com.vnindie.miraclepillsUITests;
				PRODUCT_NAME = "$(TARGET_NAME)";
				SWIFT_VERSION = 3.0;
				TEST_TARGET_NAME = miraclepills;
			};
			name = Debug;
		};
		240DE3EE1E925BB300BD0BDE /* Release */ = {
			isa = XCBuildConfiguration;
			buildSettings = {
				ALWAYS_EMBED_SWIFT_STANDARD_LIBRARIES = YES;
				INFOPLIST_FILE = miraclepillsUITests/Info.plist;
				LD_RUNPATH_SEARCH_PATHS = "$(inherited) @executable_path/Frameworks @loader_path/Frameworks";
				PRODUCT_BUNDLE_IDENTIFIER = com.vnindie.miraclepillsUITests;
				PRODUCT_NAME = "$(TARGET_NAME)";
				SWIFT_VERSION = 3.0;
				TEST_TARGET_NAME = miraclepills;
			};
			name = Release;
		};
/* End XCBuildConfiguration section */

/* Begin XCConfigurationList section */
		240DE3B91E925BB300BD0BDE /* Build configuration list for PBXProject "miraclepills" */ = {
			isa = XCConfigurationList;
			buildConfigurations = (
				240DE3E41E925BB300BD0BDE /* Debug */,
				240DE3E51E925BB300BD0BDE /* Release */,
			);
			defaultConfigurationIsVisible = 0;
			defaultConfigurationName = Release;
		};
		240DE3E61E925BB300BD0BDE /* Build configuration list for PBXNativeTarget "miraclepills" */ = {
			isa = XCConfigurationList;
			buildConfigurations = (
				240DE3E71E925BB300BD0BDE /* Debug */,
				240DE3E81E925BB300BD0BDE /* Release */,
			);
			defaultConfigurationIsVisible = 0;
		};
		240DE3E91E925BB300BD0BDE /* Build configuration list for PBXNativeTarget "miraclepillsTests" */ = {
			isa = XCConfigurationList;
			buildConfigurations = (
				240DE3EA1E925BB300BD0BDE /* Debug */,
				240DE3EB1E925BB300BD0BDE /* Release */,
			);
			defaultConfigurationIsVisible = 0;
		};
		240DE3EC1E925BB300BD0BDE /* Build configuration list for PBXNativeTarget "miraclepillsUITests" */ = {
			isa = XCConfigurationList;
			buildConfigurations = (
				240DE3ED1E925BB300BD0BDE /* Debug */,
				240DE3EE1E925BB300BD0BDE /* Release */,
			);
			defaultConfigurationIsVisible = 0;
		};
/* End XCConfigurationList section */
	};
	rootObject = 240DE3B61E925BB300BD0BDE /* Project object */;
}
